
Microsoft Visual Studio Solution File, Format Version 12.00
# Visual Studio Version 17
VisualStudioVersion = 17.9.34616.47
MinimumVisualStudioVersion = 10.0.40219.1
Project("{9A19103F-16F7-4668-BE54-9A1E7A4F7556}") = "TradingCompany", "TradingCompany\TradingCompany.csproj", "{9D598EAD-E923-4EDE-8AD2-F11BB05910E3}"
EndProject
Project("{9A19103F-16F7-4668-BE54-9A1E7A4F7556}") = "DAL", "DAL\DAL.csproj", "{BD7435A2-F524-441C-8B18-19070D6A07B1}"
EndProject
Project("{9A19103F-16F7-4668-BE54-9A1E7A4F7556}") = "DTO", "DTO\DTO.csproj", "{301A6D11-184D-4EC5-8C54-3C2B062AC2CD}"
EndProject
Project("{9A19103F-16F7-4668-BE54-9A1E7A4F7556}") = "DALTests", "DALTests\DALTests.csproj", "{A0F23CE5-460F-427E-A078-B691129E620F}"
EndProject
Project("{9A19103F-16F7-4668-BE54-9A1E7A4F7556}") = "TradingCompanyWpf", "TradingCompanyWpf\TradingCompanyWpf.csproj", "{A3CF7CEF-C05D-4CD9-AEF1-18972C85124C}"
EndProject
Project("{9A19103F-16F7-4668-BE54-9A1E7A4F7556}") = "BLL", "BLL\BLL.csproj", "{D50F6D40-7507-46FD-841E-040602C565FD}"
EndProject
Project("{9A19103F-16F7-4668-BE54-9A1E7A4F7556}") = "TradingCompanyApp", "TradingCompanyApp\TradingCompanyApp.csproj", "{2413318E-BD3C-4E70-9A82-EEF569334F42}"
EndProject
Project("{FAE04EC0-301F-11D3-BF4B-00C04F79EFBC}") = "Tests", "Tests\Tests.csproj", "{75E4840B-D66B-42F6-AE4E-DC4523B20596}"
EndProject
Global
	GlobalSection(SolutionConfigurationPlatforms) = preSolution
		Debug|Any CPU = Debug|Any CPU
		Release|Any CPU = Release|Any CPU
	EndGlobalSection
	GlobalSection(ProjectConfigurationPlatforms) = postSolution
		{9D598EAD-E923-4EDE-8AD2-F11BB05910E3}.Debug|Any CPU.ActiveCfg = Debug|Any CPU
		{9D598EAD-E923-4EDE-8AD2-F11BB05910E3}.Debug|Any CPU.Build.0 = Debug|Any CPU
		{9D598EAD-E923-4EDE-8AD2-F11BB05910E3}.Release|Any CPU.ActiveCfg = Release|Any CPU
		{9D598EAD-E923-4EDE-8AD2-F11BB05910E3}.Release|Any CPU.Build.0 = Release|Any CPU
		{BD7435A2-F524-441C-8B18-19070D6A07B1}.Debug|Any CPU.ActiveCfg = Debug|Any CPU
		{BD7435A2-F524-441C-8B18-19070D6A07B1}.Debug|Any CPU.Build.0 = Debug|Any CPU
		{BD7435A2-F524-441C-8B18-19070D6A07B1}.Release|Any CPU.ActiveCfg = Release|Any CPU
		{BD7435A2-F524-441C-8B18-19070D6A07B1}.Release|Any CPU.Build.0 = Release|Any CPU
		{301A6D11-184D-4EC5-8C54-3C2B062AC2CD}.Debug|Any CPU.ActiveCfg = Debug|Any CPU
		{301A6D11-184D-4EC5-8C54-3C2B062AC2CD}.Debug|Any CPU.Build.0 = Debug|Any CPU
		{301A6D11-184D-4EC5-8C54-3C2B062AC2CD}.Release|Any CPU.ActiveCfg = Release|Any CPU
		{301A6D11-184D-4EC5-8C54-3C2B062AC2CD}.Release|Any CPU.Build.0 = Release|Any CPU
		{A0F23CE5-460F-427E-A078-B691129E620F}.Debug|Any CPU.ActiveCfg = Debug|Any CPU
		{A0F23CE5-460F-427E-A078-B691129E620F}.Debug|Any CPU.Build.0 = Debug|Any CPU
		{A0F23CE5-460F-427E-A078-B691129E620F}.Release|Any CPU.ActiveCfg = Release|Any CPU
		{A0F23CE5-460F-427E-A078-B691129E620F}.Release|Any CPU.Build.0 = Release|Any CPU
		{A3CF7CEF-C05D-4CD9-AEF1-18972C85124C}.Debug|Any CPU.ActiveCfg = Debug|Any CPU
		{A3CF7CEF-C05D-4CD9-AEF1-18972C85124C}.Debug|Any CPU.Build.0 = Debug|Any CPU
		{A3CF7CEF-C05D-4CD9-AEF1-18972C85124C}.Release|Any CPU.ActiveCfg = Release|Any CPU
		{A3CF7CEF-C05D-4CD9-AEF1-18972C85124C}.Release|Any CPU.Build.0 = Release|Any CPU
		{D50F6D40-7507-46FD-841E-040602C565FD}.Debug|Any CPU.ActiveCfg = Debug|Any CPU
		{D50F6D40-7507-46FD-841E-040602C565FD}.Debug|Any CPU.Build.0 = Debug|Any CPU
		{D50F6D40-7507-46FD-841E-040602C565FD}.Release|Any CPU.ActiveCfg = Release|Any CPU
		{D50F6D40-7507-46FD-841E-040602C565FD}.Release|Any CPU.Build.0 = Release|Any CPU
		{2413318E-BD3C-4E70-9A82-EEF569334F42}.Debug|Any CPU.ActiveCfg = Debug|Any CPU
		{2413318E-BD3C-4E70-9A82-EEF569334F42}.Debug|Any CPU.Build.0 = Debug|Any CPU
		{2413318E-BD3C-4E70-9A82-EEF569334F42}.Release|Any CPU.ActiveCfg = Release|Any CPU
		{2413318E-BD3C-4E70-9A82-EEF569334F42}.Release|Any CPU.Build.0 = Release|Any CPU
		{75E4840B-D66B-42F6-AE4E-DC4523B20596}.Debug|Any CPU.ActiveCfg = Debug|Any CPU
		{75E4840B-D66B-42F6-AE4E-DC4523B20596}.Debug|Any CPU.Build.0 = Debug|Any CPU
		{75E4840B-D66B-42F6-AE4E-DC4523B20596}.Release|Any CPU.ActiveCfg = Release|Any CPU
		{75E4840B-D66B-42F6-AE4E-DC4523B20596}.Release|Any CPU.Build.0 = Release|Any CPU
	EndGlobalSection
	GlobalSection(SolutionProperties) = preSolution
		HideSolutionNode = FALSE
	EndGlobalSection
	GlobalSection(ExtensibilityGlobals) = postSolution
		SolutionGuid = {F88C4645-5E32-4BB1-AF41-1878576532FD}
	EndGlobalSection
EndGlobal
